
Microsoft Visual Studio Solution File, Format Version 12.00
# Visual Studio Version 17
VisualStudioVersion = 17.4.33213.308
MinimumVisualStudioVersion = 10.0.40219.1
Project("{FAE04EC0-301F-11D3-BF4B-00C04F79EFBC}") = "App1.Android", "App1.Android\App1.Android.csproj", "{E0ABCC76-45DA-4A04-BC53-3E6D79FC5BFF}"
EndProject
Project("{FAE04EC0-301F-11D3-BF4B-00C04F79EFBC}") = "App1", "App1\App1.csproj", "{AB1DBD4F-7B11-4BC5-9F45-EC106F7BBEA4}"
EndProject
Global
	GlobalSection(SolutionConfigurationPlatforms) = preSolution
		Debug|Any CPU = Debug|Any CPU
		Release|Any CPU = Release|Any CPU
	EndGlobalSection
	GlobalSection(ProjectConfigurationPlatforms) = postSolution
		{E0ABCC76-45DA-4A04-BC53-3E6D79FC5BFF}.Debug|Any CPU.ActiveCfg = Debug|Any CPU
		{E0ABCC76-45DA-4A04-BC53-3E6D79FC5BFF}.Debug|Any CPU.Build.0 = Debug|Any CPU
		{E0ABCC76-45DA-4A04-BC53-3E6D79FC5BFF}.Debug|Any CPU.Deploy.0 = Debug|Any CPU
		{E0ABCC76-45DA-4A04-BC53-3E6D79FC5BFF}.Release|Any CPU.ActiveCfg = Release|Any CPU
		{E0ABCC76-45DA-4A04-BC53-3E6D79FC5BFF}.Release|Any CPU.Build.0 = Release|Any CPU
		{E0ABCC76-45DA-4A04-BC53-3E6D79FC5BFF}.Release|Any CPU.Deploy.0 = Release|Any CPU
		{AB1DBD4F-7B11-4BC5-9F45-EC106F7BBEA4}.Debug|Any CPU.ActiveCfg = Debug|Any CPU
		{AB1DBD4F-7B11-4BC5-9F45-EC106F7BBEA4}.Debug|Any CPU.Build.0 = Debug|Any CPU
		{AB1DBD4F-7B11-4BC5-9F45-EC106F7BBEA4}.Debug|Any CPU.Deploy.0 = Debug|Any CPU
		{AB1DBD4F-7B11-4BC5-9F45-EC106F7BBEA4}.Release|Any CPU.ActiveCfg = Release|Any CPU
		{AB1DBD4F-7B11-4BC5-9F45-EC106F7BBEA4}.Release|Any CPU.Build.0 = Release|Any CPU
		{AB1DBD4F-7B11-4BC5-9F45-EC106F7BBEA4}.Release|Any CPU.Deploy.0 = Release|Any CPU
	EndGlobalSection
	GlobalSection(SolutionProperties) = preSolution
		HideSolutionNode = FALSE
	EndGlobalSection
	GlobalSection(ExtensibilityGlobals) = postSolution
		SolutionGuid = {FCA804EC-D9E1-4928-A77B-6E7108EF3573}
	EndGlobalSection
EndGlobal
